// !$*UTF8*$!
{
	archiveVersion = 1;
	classes = {
	};
	objectVersion = 56;
	objects = {

/* Begin PBXBuildFile section */
		85BE7FEC29C318DB00C94F8D /* AppDelegate.swift in Sources */ = {isa = PBXBuildFile; fileRef = 85BE7FEB29C318DB00C94F8D /* AppDelegate.swift */; };
		85BE7FF329C318DB00C94F8D /* Main.storyboard in Resources */ = {isa = PBXBuildFile; fileRef = 85BE7FF129C318DB00C94F8D /* Main.storyboard */; };
		85BE7FF629C318DB00C94F8D /* shopDemo.xcdatamodeld in Sources */ = {isa = PBXBuildFile; fileRef = 85BE7FF429C318DB00C94F8D /* shopDemo.xcdatamodeld */; };
		85BE7FF829C318DC00C94F8D /* Assets.xcassets in Resources */ = {isa = PBXBuildFile; fileRef = 85BE7FF729C318DC00C94F8D /* Assets.xcassets */; };
		85BE7FFB29C318DC00C94F8D /* LaunchScreen.storyboard in Resources */ = {isa = PBXBuildFile; fileRef = 85BE7FF929C318DC00C94F8D /* LaunchScreen.storyboard */; };
		85BE800429C3190700C94F8D /* Moya in Frameworks */ = {isa = PBXBuildFile; productRef = 85BE800329C3190700C94F8D /* Moya */; };
		85BE800729C3193E00C94F8D /* SnapKit in Frameworks */ = {isa = PBXBuildFile; productRef = 85BE800629C3193E00C94F8D /* SnapKit */; };
		85BE801929C31E5B00C94F8D /* ApplicationCoordinator.swift in Sources */ = {isa = PBXBuildFile; fileRef = 85BE801829C31E5B00C94F8D /* ApplicationCoordinator.swift */; };
		85BE801B29C3505800C94F8D /* SingInPageViewController.swift in Sources */ = {isa = PBXBuildFile; fileRef = 85BE801A29C3505800C94F8D /* SingInPageViewController.swift */; };
		85BE801D29C350C000C94F8D /* LoginViewController.swift in Sources */ = {isa = PBXBuildFile; fileRef = 85BE801C29C350C000C94F8D /* LoginViewController.swift */; };
		85BE801F29C3514600C94F8D /* LoginViewModel.swift in Sources */ = {isa = PBXBuildFile; fileRef = 85BE801E29C3514600C94F8D /* LoginViewModel.swift */; };
		85BE802129C3517100C94F8D /* SingInPageViewModel.swift in Sources */ = {isa = PBXBuildFile; fileRef = 85BE802029C3517100C94F8D /* SingInPageViewModel.swift */; };
		85BE802429C3532500C94F8D /* ProfileViewModel.swift in Sources */ = {isa = PBXBuildFile; fileRef = 85BE802329C3532500C94F8D /* ProfileViewModel.swift */; };
		85BE802629C3535100C94F8D /* ProfileViewController.swift in Sources */ = {isa = PBXBuildFile; fileRef = 85BE802529C3535100C94F8D /* ProfileViewController.swift */; };
		85BE802829C353A600C94F8D /* Page1ViewModel.swift in Sources */ = {isa = PBXBuildFile; fileRef = 85BE802729C353A600C94F8D /* Page1ViewModel.swift */; };
		85BE802A29C353D200C94F8D /* Page1ViewController.swift in Sources */ = {isa = PBXBuildFile; fileRef = 85BE802929C353D200C94F8D /* Page1ViewController.swift */; };
		85BE802C29C355B700C94F8D /* Page2ViewController.swift in Sources */ = {isa = PBXBuildFile; fileRef = 85BE802B29C355B700C94F8D /* Page2ViewController.swift */; };
		85BE802E29C355C800C94F8D /* Page2ViewModel.swift in Sources */ = {isa = PBXBuildFile; fileRef = 85BE802D29C355C800C94F8D /* Page2ViewModel.swift */; };
		85BE803229C3614600C94F8D /* DecoratableView.swift in Sources */ = {isa = PBXBuildFile; fileRef = 85BE803129C3614600C94F8D /* DecoratableView.swift */; };
		85BE803429C3618B00C94F8D /* ViewDecorator.swift in Sources */ = {isa = PBXBuildFile; fileRef = 85BE803329C3618B00C94F8D /* ViewDecorator.swift */; };
		85BE803729C361B900C94F8D /* ViewDecorator+UILabel.swift in Sources */ = {isa = PBXBuildFile; fileRef = 85BE803629C361B900C94F8D /* ViewDecorator+UILabel.swift */; };
		85BE803929C3624D00C94F8D /* UIFont+Fonts.swift in Sources */ = {isa = PBXBuildFile; fileRef = 85BE803829C3624D00C94F8D /* UIFont+Fonts.swift */; };
		85BE803B29C3629800C94F8D /* UIFont+Extension.swift in Sources */ = {isa = PBXBuildFile; fileRef = 85BE803A29C3629800C94F8D /* UIFont+Extension.swift */; };
		85BE803D29C3665F00C94F8D /* ViewDecorator+UITextField.swift in Sources */ = {isa = PBXBuildFile; fileRef = 85BE803C29C3665F00C94F8D /* ViewDecorator+UITextField.swift */; };
		85BE803F29C367A900C94F8D /* AppTheme+Colors.swift in Sources */ = {isa = PBXBuildFile; fileRef = 85BE803E29C367A900C94F8D /* AppTheme+Colors.swift */; };
		85BE804129C36E2700C94F8D /* ViewDecorator+UIButton.swift in Sources */ = {isa = PBXBuildFile; fileRef = 85BE804029C36E2700C94F8D /* ViewDecorator+UIButton.swift */; };
		85BE804329C3776400C94F8D /* ViewDecorator+UIImageView.swift in Sources */ = {isa = PBXBuildFile; fileRef = 85BE804229C3776400C94F8D /* ViewDecorator+UIImageView.swift */; };
		85BE804629C383A800C94F8D /* UIControlExtension.swift in Sources */ = {isa = PBXBuildFile; fileRef = 85BE804529C383A800C94F8D /* UIControlExtension.swift */; };
		85BE804929C3877B00C94F8D /* Montserrat-Regular.ttf in Resources */ = {isa = PBXBuildFile; fileRef = 85BE804829C3877B00C94F8D /* Montserrat-Regular.ttf */; };
		85BE805529C387C000C94F8D /* Montserrat-SemiBold.ttf in Resources */ = {isa = PBXBuildFile; fileRef = 85BE804A29C387BF00C94F8D /* Montserrat-SemiBold.ttf */; };
		85BE805929C387C000C94F8D /* Montserrat-BoldItalic.ttf in Resources */ = {isa = PBXBuildFile; fileRef = 85BE804E29C387BF00C94F8D /* Montserrat-BoldItalic.ttf */; };
		85BE805D29C387C000C94F8D /* Montserrat-Italic.ttf in Resources */ = {isa = PBXBuildFile; fileRef = 85BE805229C387BF00C94F8D /* Montserrat-Italic.ttf */; };
		85BE805E29C387C000C94F8D /* Montserrat-SemiBoldItalic.ttf in Resources */ = {isa = PBXBuildFile; fileRef = 85BE805329C387BF00C94F8D /* Montserrat-SemiBoldItalic.ttf */; };
		85BE805F29C387C000C94F8D /* Montserrat-Bold.ttf in Resources */ = {isa = PBXBuildFile; fileRef = 85BE805429C387C000C94F8D /* Montserrat-Bold.ttf */; };
		85BE806F29C4830300C94F8D /* AuthTextField.swift in Sources */ = {isa = PBXBuildFile; fileRef = 85BE806E29C4830300C94F8D /* AuthTextField.swift */; };
		85BE807129C4839900C94F8D /* String+Extension.swift in Sources */ = {isa = PBXBuildFile; fileRef = 85BE807029C4839900C94F8D /* String+Extension.swift */; };
		85BE807329C4902500C94F8D /* HidePasswordButton.swift in Sources */ = {isa = PBXBuildFile; fileRef = 85BE807229C4902500C94F8D /* HidePasswordButton.swift */; };
		85BE807529C4939800C94F8D /* UIEdgeInsetsExtension.swift in Sources */ = {isa = PBXBuildFile; fileRef = 85BE807429C4939800C94F8D /* UIEdgeInsetsExtension.swift */; };
		85E5CE7729C793D6002889CA /* UIImage+Extension.swift in Sources */ = {isa = PBXBuildFile; fileRef = 85E5CE7629C793D6002889CA /* UIImage+Extension.swift */; };
		85E5CE7929C7A8FE002889CA /* CustomView.swift in Sources */ = {isa = PBXBuildFile; fileRef = 85E5CE7829C7A8FE002889CA /* CustomView.swift */; };
/* End PBXBuildFile section */

/* Begin PBXFileReference section */
		85BE7FE829C318DB00C94F8D /* shopDemo.app */ = {isa = PBXFileReference; explicitFileType = wrapper.application; includeInIndex = 0; path = shopDemo.app; sourceTree = BUILT_PRODUCTS_DIR; };
		85BE7FEB29C318DB00C94F8D /* AppDelegate.swift */ = {isa = PBXFileReference; lastKnownFileType = sourcecode.swift; path = AppDelegate.swift; sourceTree = "<group>"; };
		85BE7FF229C318DB00C94F8D /* Base */ = {isa = PBXFileReference; lastKnownFileType = file.storyboard; name = Base; path = Base.lproj/Main.storyboard; sourceTree = "<group>"; };
		85BE7FF529C318DB00C94F8D /* shopDemo.xcdatamodel */ = {isa = PBXFileReference; lastKnownFileType = wrapper.xcdatamodel; path = shopDemo.xcdatamodel; sourceTree = "<group>"; };
		85BE7FF729C318DC00C94F8D /* Assets.xcassets */ = {isa = PBXFileReference; lastKnownFileType = folder.assetcatalog; path = Assets.xcassets; sourceTree = "<group>"; };
		85BE7FFA29C318DC00C94F8D /* Base */ = {isa = PBXFileReference; lastKnownFileType = file.storyboard; name = Base; path = Base.lproj/LaunchScreen.storyboard; sourceTree = "<group>"; };
		85BE7FFC29C318DC00C94F8D /* Info.plist */ = {isa = PBXFileReference; lastKnownFileType = text.plist.xml; path = Info.plist; sourceTree = "<group>"; };
		85BE801829C31E5B00C94F8D /* ApplicationCoordinator.swift */ = {isa = PBXFileReference; lastKnownFileType = sourcecode.swift; path = ApplicationCoordinator.swift; sourceTree = "<group>"; };
		85BE801A29C3505800C94F8D /* SingInPageViewController.swift */ = {isa = PBXFileReference; lastKnownFileType = sourcecode.swift; path = SingInPageViewController.swift; sourceTree = "<group>"; };
		85BE801C29C350C000C94F8D /* LoginViewController.swift */ = {isa = PBXFileReference; lastKnownFileType = sourcecode.swift; path = LoginViewController.swift; sourceTree = "<group>"; };
		85BE801E29C3514600C94F8D /* LoginViewModel.swift */ = {isa = PBXFileReference; lastKnownFileType = sourcecode.swift; path = LoginViewModel.swift; sourceTree = "<group>"; };
		85BE802029C3517100C94F8D /* SingInPageViewModel.swift */ = {isa = PBXFileReference; lastKnownFileType = sourcecode.swift; path = SingInPageViewModel.swift; sourceTree = "<group>"; };
		85BE802329C3532500C94F8D /* ProfileViewModel.swift */ = {isa = PBXFileReference; lastKnownFileType = sourcecode.swift; path = ProfileViewModel.swift; sourceTree = "<group>"; };
		85BE802529C3535100C94F8D /* ProfileViewController.swift */ = {isa = PBXFileReference; lastKnownFileType = sourcecode.swift; path = ProfileViewController.swift; sourceTree = "<group>"; };
		85BE802729C353A600C94F8D /* Page1ViewModel.swift */ = {isa = PBXFileReference; lastKnownFileType = sourcecode.swift; path = Page1ViewModel.swift; sourceTree = "<group>"; };
		85BE802929C353D200C94F8D /* Page1ViewController.swift */ = {isa = PBXFileReference; lastKnownFileType = sourcecode.swift; path = Page1ViewController.swift; sourceTree = "<group>"; };
		85BE802B29C355B700C94F8D /* Page2ViewController.swift */ = {isa = PBXFileReference; lastKnownFileType = sourcecode.swift; path = Page2ViewController.swift; sourceTree = "<group>"; };
		85BE802D29C355C800C94F8D /* Page2ViewModel.swift */ = {isa = PBXFileReference; lastKnownFileType = sourcecode.swift; path = Page2ViewModel.swift; sourceTree = "<group>"; };
		85BE803129C3614600C94F8D /* DecoratableView.swift */ = {isa = PBXFileReference; lastKnownFileType = sourcecode.swift; path = DecoratableView.swift; sourceTree = "<group>"; };
		85BE803329C3618B00C94F8D /* ViewDecorator.swift */ = {isa = PBXFileReference; lastKnownFileType = sourcecode.swift; path = ViewDecorator.swift; sourceTree = "<group>"; };
		85BE803629C361B900C94F8D /* ViewDecorator+UILabel.swift */ = {isa = PBXFileReference; lastKnownFileType = sourcecode.swift; path = "ViewDecorator+UILabel.swift"; sourceTree = "<group>"; };
		85BE803829C3624D00C94F8D /* UIFont+Fonts.swift */ = {isa = PBXFileReference; lastKnownFileType = sourcecode.swift; path = "UIFont+Fonts.swift"; sourceTree = "<group>"; };
		85BE803A29C3629800C94F8D /* UIFont+Extension.swift */ = {isa = PBXFileReference; lastKnownFileType = sourcecode.swift; path = "UIFont+Extension.swift"; sourceTree = "<group>"; };
		85BE803C29C3665F00C94F8D /* ViewDecorator+UITextField.swift */ = {isa = PBXFileReference; lastKnownFileType = sourcecode.swift; path = "ViewDecorator+UITextField.swift"; sourceTree = "<group>"; };
		85BE803E29C367A900C94F8D /* AppTheme+Colors.swift */ = {isa = PBXFileReference; lastKnownFileType = sourcecode.swift; path = "AppTheme+Colors.swift"; sourceTree = "<group>"; };
		85BE804029C36E2700C94F8D /* ViewDecorator+UIButton.swift */ = {isa = PBXFileReference; lastKnownFileType = sourcecode.swift; path = "ViewDecorator+UIButton.swift"; sourceTree = "<group>"; };
		85BE804229C3776400C94F8D /* ViewDecorator+UIImageView.swift */ = {isa = PBXFileReference; lastKnownFileType = sourcecode.swift; path = "ViewDecorator+UIImageView.swift"; sourceTree = "<group>"; };
		85BE804529C383A800C94F8D /* UIControlExtension.swift */ = {isa = PBXFileReference; lastKnownFileType = sourcecode.swift; path = UIControlExtension.swift; sourceTree = "<group>"; };
		85BE804829C3877B00C94F8D /* Montserrat-Regular.ttf */ = {isa = PBXFileReference; lastKnownFileType = file; path = "Montserrat-Regular.ttf"; sourceTree = "<group>"; };
		85BE804A29C387BF00C94F8D /* Montserrat-SemiBold.ttf */ = {isa = PBXFileReference; lastKnownFileType = file; path = "Montserrat-SemiBold.ttf"; sourceTree = "<group>"; };
		85BE804E29C387BF00C94F8D /* Montserrat-BoldItalic.ttf */ = {isa = PBXFileReference; lastKnownFileType = file; path = "Montserrat-BoldItalic.ttf"; sourceTree = "<group>"; };
		85BE805229C387BF00C94F8D /* Montserrat-Italic.ttf */ = {isa = PBXFileReference; lastKnownFileType = file; path = "Montserrat-Italic.ttf"; sourceTree = "<group>"; };
		85BE805329C387BF00C94F8D /* Montserrat-SemiBoldItalic.ttf */ = {isa = PBXFileReference; lastKnownFileType = file; path = "Montserrat-SemiBoldItalic.ttf"; sourceTree = "<group>"; };
		85BE805429C387C000C94F8D /* Montserrat-Bold.ttf */ = {isa = PBXFileReference; lastKnownFileType = file; path = "Montserrat-Bold.ttf"; sourceTree = "<group>"; };
		85BE806E29C4830300C94F8D /* AuthTextField.swift */ = {isa = PBXFileReference; lastKnownFileType = sourcecode.swift; path = AuthTextField.swift; sourceTree = "<group>"; };
		85BE807029C4839900C94F8D /* String+Extension.swift */ = {isa = PBXFileReference; lastKnownFileType = sourcecode.swift; path = "String+Extension.swift"; sourceTree = "<group>"; };
		85BE807229C4902500C94F8D /* HidePasswordButton.swift */ = {isa = PBXFileReference; lastKnownFileType = sourcecode.swift; path = HidePasswordButton.swift; sourceTree = "<group>"; };
		85BE807429C4939800C94F8D /* UIEdgeInsetsExtension.swift */ = {isa = PBXFileReference; lastKnownFileType = sourcecode.swift; path = UIEdgeInsetsExtension.swift; sourceTree = "<group>"; };
		85E5CE7629C793D6002889CA /* UIImage+Extension.swift */ = {isa = PBXFileReference; lastKnownFileType = sourcecode.swift; path = "UIImage+Extension.swift"; sourceTree = "<group>"; };
		85E5CE7829C7A8FE002889CA /* CustomView.swift */ = {isa = PBXFileReference; lastKnownFileType = sourcecode.swift; path = CustomView.swift; sourceTree = "<group>"; };
/* End PBXFileReference section */

/* Begin PBXFrameworksBuildPhase section */
		85BE7FE529C318DB00C94F8D /* Frameworks */ = {
			isa = PBXFrameworksBuildPhase;
			buildActionMask = 2147483647;
			files = (
				85BE800429C3190700C94F8D /* Moya in Frameworks */,
				85BE800729C3193E00C94F8D /* SnapKit in Frameworks */,
			);
			runOnlyForDeploymentPostprocessing = 0;
		};
/* End PBXFrameworksBuildPhase section */

/* Begin PBXGroup section */
		85BE7FDF29C318DB00C94F8D = {
			isa = PBXGroup;
			children = (
				85BE7FEA29C318DB00C94F8D /* shopDemo */,
				85BE7FE929C318DB00C94F8D /* Products */,
			);
			sourceTree = "<group>";
		};
		85BE7FE929C318DB00C94F8D /* Products */ = {
			isa = PBXGroup;
			children = (
				85BE7FE829C318DB00C94F8D /* shopDemo.app */,
			);
			name = Products;
			sourceTree = "<group>";
		};
		85BE7FEA29C318DB00C94F8D /* shopDemo */ = {
			isa = PBXGroup;
			children = (
				85BE800829C31AB400C94F8D /* Model */,
				85BE802229C352D800C94F8D /* ViewControllers */,
				85BE800A29C31AC500C94F8D /* ViewModel */,
				85BE802F29C3611800C94F8D /* Comman */,
				85BE800B29C31B6700C94F8D /* Coordinators */,
				85BE800F29C31CA400C94F8D /* Support files */,
				85BE800D29C31C7100C94F8D /* Design system */,
				85BE800C29C31B9900C94F8D /* App */,
				85BE800E29C31C8500C94F8D /* Resources */,
			);
			path = shopDemo;
			sourceTree = "<group>";
		};
		85BE800829C31AB400C94F8D /* Model */ = {
			isa = PBXGroup;
			children = (
			);
			path = Model;
			sourceTree = "<group>";
		};
		85BE800A29C31AC500C94F8D /* ViewModel */ = {
			isa = PBXGroup;
			children = (
				85BE802029C3517100C94F8D /* SingInPageViewModel.swift */,
				85BE801E29C3514600C94F8D /* LoginViewModel.swift */,
				85BE802729C353A600C94F8D /* Page1ViewModel.swift */,
				85BE802329C3532500C94F8D /* ProfileViewModel.swift */,
				85BE802D29C355C800C94F8D /* Page2ViewModel.swift */,
			);
			path = ViewModel;
			sourceTree = "<group>";
		};
		85BE800B29C31B6700C94F8D /* Coordinators */ = {
			isa = PBXGroup;
			children = (
				85BE801829C31E5B00C94F8D /* ApplicationCoordinator.swift */,
			);
			path = Coordinators;
			sourceTree = "<group>";
		};
		85BE800C29C31B9900C94F8D /* App */ = {
			isa = PBXGroup;
			children = (
				85BE7FEB29C318DB00C94F8D /* AppDelegate.swift */,
			);
			path = App;
			sourceTree = "<group>";
		};
		85BE800D29C31C7100C94F8D /* Design system */ = {
			isa = PBXGroup;
			children = (
				85E5CE7629C793D6002889CA /* UIImage+Extension.swift */,
				85BE803A29C3629800C94F8D /* UIFont+Extension.swift */,
				85BE803829C3624D00C94F8D /* UIFont+Fonts.swift */,
				85BE803E29C367A900C94F8D /* AppTheme+Colors.swift */,
				85BE806D29C482D700C94F8D /* Views */,
			);
			path = "Design system";
			sourceTree = "<group>";
		};
		85BE800E29C31C8500C94F8D /* Resources */ = {
			isa = PBXGroup;
			children = (
				85BE804729C3867200C94F8D /* Font */,
				85BE7FF429C318DB00C94F8D /* shopDemo.xcdatamodeld */,
				85BE7FF729C318DC00C94F8D /* Assets.xcassets */,
				85BE7FF129C318DB00C94F8D /* Main.storyboard */,
				85BE7FF929C318DC00C94F8D /* LaunchScreen.storyboard */,
			);
			path = Resources;
			sourceTree = "<group>";
		};
		85BE800F29C31CA400C94F8D /* Support files */ = {
			isa = PBXGroup;
			children = (
				85BE7FFC29C318DC00C94F8D /* Info.plist */,
			);
			path = "Support files";
			sourceTree = "<group>";
		};
		85BE802229C352D800C94F8D /* ViewControllers */ = {
			isa = PBXGroup;
			children = (
				85BE801A29C3505800C94F8D /* SingInPageViewController.swift */,
				85BE801C29C350C000C94F8D /* LoginViewController.swift */,
				85BE802929C353D200C94F8D /* Page1ViewController.swift */,
				85BE802529C3535100C94F8D /* ProfileViewController.swift */,
				85BE802B29C355B700C94F8D /* Page2ViewController.swift */,
			);
			path = ViewControllers;
			sourceTree = "<group>";
		};
		85BE802F29C3611800C94F8D /* Comman */ = {
			isa = PBXGroup;
			children = (
				85BE804429C3839000C94F8D /* Extension */,
				85BE803029C3612700C94F8D /* View decorator */,
			);
			path = Comman;
			sourceTree = "<group>";
		};
		85BE803029C3612700C94F8D /* View decorator */ = {
			isa = PBXGroup;
			children = (
				85BE803129C3614600C94F8D /* DecoratableView.swift */,
				85BE803329C3618B00C94F8D /* ViewDecorator.swift */,
				85BE803529C361A000C94F8D /* Decorators */,
			);
			path = "View decorator";
			sourceTree = "<group>";
		};
		85BE803529C361A000C94F8D /* Decorators */ = {
			isa = PBXGroup;
			children = (
				85BE803629C361B900C94F8D /* ViewDecorator+UILabel.swift */,
				85BE803C29C3665F00C94F8D /* ViewDecorator+UITextField.swift */,
				85BE804029C36E2700C94F8D /* ViewDecorator+UIButton.swift */,
				85BE804229C3776400C94F8D /* ViewDecorator+UIImageView.swift */,
			);
			path = Decorators;
			sourceTree = "<group>";
		};
		85BE804429C3839000C94F8D /* Extension */ = {
			isa = PBXGroup;
			children = (
				85BE804529C383A800C94F8D /* UIControlExtension.swift */,
				85BE807029C4839900C94F8D /* String+Extension.swift */,
				85BE807429C4939800C94F8D /* UIEdgeInsetsExtension.swift */,
			);
			path = Extension;
			sourceTree = "<group>";
		};
		85BE804729C3867200C94F8D /* Font */ = {
			isa = PBXGroup;
			children = (
				85BE805429C387C000C94F8D /* Montserrat-Bold.ttf */,
				85BE804E29C387BF00C94F8D /* Montserrat-BoldItalic.ttf */,
				85BE805229C387BF00C94F8D /* Montserrat-Italic.ttf */,
				85BE804A29C387BF00C94F8D /* Montserrat-SemiBold.ttf */,
				85BE805329C387BF00C94F8D /* Montserrat-SemiBoldItalic.ttf */,
				85BE804829C3877B00C94F8D /* Montserrat-Regular.ttf */,
			);
			path = Font;
			sourceTree = "<group>";
		};
		85BE806D29C482D700C94F8D /* Views */ = {
			isa = PBXGroup;
			children = (
				85BE806E29C4830300C94F8D /* AuthTextField.swift */,
				85BE807229C4902500C94F8D /* HidePasswordButton.swift */,
				85E5CE7829C7A8FE002889CA /* CustomView.swift */,
			);
			path = Views;
			sourceTree = "<group>";
		};
/* End PBXGroup section */

/* Begin PBXNativeTarget section */
		85BE7FE729C318DB00C94F8D /* shopDemo */ = {
			isa = PBXNativeTarget;
			buildConfigurationList = 85BE7FFF29C318DC00C94F8D /* Build configuration list for PBXNativeTarget "shopDemo" */;
			buildPhases = (
				85BE7FE429C318DB00C94F8D /* Sources */,
				85BE7FE529C318DB00C94F8D /* Frameworks */,
				85BE7FE629C318DB00C94F8D /* Resources */,
			);
			buildRules = (
			);
			dependencies = (
			);
			name = shopDemo;
			packageProductDependencies = (
				85BE800329C3190700C94F8D /* Moya */,
				85BE800629C3193E00C94F8D /* SnapKit */,
			);
			productName = shopDemo;
			productReference = 85BE7FE829C318DB00C94F8D /* shopDemo.app */;
			productType = "com.apple.product-type.application";
		};
/* End PBXNativeTarget section */

/* Begin PBXProject section */
		85BE7FE029C318DB00C94F8D /* Project object */ = {
			isa = PBXProject;
			attributes = {
				BuildIndependentTargetsInParallel = 1;
				LastSwiftUpdateCheck = 1420;
				LastUpgradeCheck = 1420;
				TargetAttributes = {
					85BE7FE729C318DB00C94F8D = {
						CreatedOnToolsVersion = 14.2;
					};
				};
			};
			buildConfigurationList = 85BE7FE329C318DB00C94F8D /* Build configuration list for PBXProject "shopDemo" */;
			compatibilityVersion = "Xcode 14.0";
			developmentRegion = en;
			hasScannedForEncodings = 0;
			knownRegions = (
				en,
				Base,
			);
			mainGroup = 85BE7FDF29C318DB00C94F8D;
			packageReferences = (
				85BE800229C3190700C94F8D /* XCRemoteSwiftPackageReference "Moya" */,
				85BE800529C3193E00C94F8D /* XCRemoteSwiftPackageReference "SnapKit" */,
			);
			productRefGroup = 85BE7FE929C318DB00C94F8D /* Products */;
			projectDirPath = "";
			projectRoot = "";
			targets = (
				85BE7FE729C318DB00C94F8D /* shopDemo */,
			);
		};
/* End PBXProject section */

/* Begin PBXResourcesBuildPhase section */
		85BE7FE629C318DB00C94F8D /* Resources */ = {
			isa = PBXResourcesBuildPhase;
			buildActionMask = 2147483647;
			files = (
				85BE805E29C387C000C94F8D /* Montserrat-SemiBoldItalic.ttf in Resources */,
				85BE805929C387C000C94F8D /* Montserrat-BoldItalic.ttf in Resources */,
				85BE804929C3877B00C94F8D /* Montserrat-Regular.ttf in Resources */,
				85BE805F29C387C000C94F8D /* Montserrat-Bold.ttf in Resources */,
				85BE7FFB29C318DC00C94F8D /* LaunchScreen.storyboard in Resources */,
				85BE7FF829C318DC00C94F8D /* Assets.xcassets in Resources */,
				85BE7FF329C318DB00C94F8D /* Main.storyboard in Resources */,
				85BE805D29C387C000C94F8D /* Montserrat-Italic.ttf in Resources */,
				85BE805529C387C000C94F8D /* Montserrat-SemiBold.ttf in Resources */,
			);
			runOnlyForDeploymentPostprocessing = 0;
		};
/* End PBXResourcesBuildPhase section */

/* Begin PBXSourcesBuildPhase section */
		85BE7FE429C318DB00C94F8D /* Sources */ = {
			isa = PBXSourcesBuildPhase;
			buildActionMask = 2147483647;
			files = (
				85BE801D29C350C000C94F8D /* LoginViewController.swift in Sources */,
				85BE803B29C3629800C94F8D /* UIFont+Extension.swift in Sources */,
				85BE803229C3614600C94F8D /* DecoratableView.swift in Sources */,
				85BE7FF629C318DB00C94F8D /* shopDemo.xcdatamodeld in Sources */,
				85E5CE7929C7A8FE002889CA /* CustomView.swift in Sources */,
				85BE807529C4939800C94F8D /* UIEdgeInsetsExtension.swift in Sources */,
				85BE807329C4902500C94F8D /* HidePasswordButton.swift in Sources */,
				85BE804129C36E2700C94F8D /* ViewDecorator+UIButton.swift in Sources */,
				85BE802C29C355B700C94F8D /* Page2ViewController.swift in Sources */,
				85BE804629C383A800C94F8D /* UIControlExtension.swift in Sources */,
				85BE803729C361B900C94F8D /* ViewDecorator+UILabel.swift in Sources */,
				85BE807129C4839900C94F8D /* String+Extension.swift in Sources */,
				85BE804329C3776400C94F8D /* ViewDecorator+UIImageView.swift in Sources */,
				85BE806F29C4830300C94F8D /* AuthTextField.swift in Sources */,
				85BE802629C3535100C94F8D /* ProfileViewController.swift in Sources */,
				85BE802E29C355C800C94F8D /* Page2ViewModel.swift in Sources */,
				85E5CE7729C793D6002889CA /* UIImage+Extension.swift in Sources */,
				85BE801929C31E5B00C94F8D /* ApplicationCoordinator.swift in Sources */,
				85BE802429C3532500C94F8D /* ProfileViewModel.swift in Sources */,
				85BE7FEC29C318DB00C94F8D /* AppDelegate.swift in Sources */,
				85BE802129C3517100C94F8D /* SingInPageViewModel.swift in Sources */,
				85BE802829C353A600C94F8D /* Page1ViewModel.swift in Sources */,
				85BE803429C3618B00C94F8D /* ViewDecorator.swift in Sources */,
				85BE803F29C367A900C94F8D /* AppTheme+Colors.swift in Sources */,
				85BE802A29C353D200C94F8D /* Page1ViewController.swift in Sources */,
				85BE803D29C3665F00C94F8D /* ViewDecorator+UITextField.swift in Sources */,
				85BE803929C3624D00C94F8D /* UIFont+Fonts.swift in Sources */,
				85BE801B29C3505800C94F8D /* SingInPageViewController.swift in Sources */,
				85BE801F29C3514600C94F8D /* LoginViewModel.swift in Sources */,
			);
			runOnlyForDeploymentPostprocessing = 0;
		};
/* End PBXSourcesBuildPhase section */

/* Begin PBXVariantGroup section */
		85BE7FF129C318DB00C94F8D /* Main.storyboard */ = {
			isa = PBXVariantGroup;
			children = (
				85BE7FF229C318DB00C94F8D /* Base */,
			);
			name = Main.storyboard;
			sourceTree = "<group>";
		};
		85BE7FF929C318DC00C94F8D /* LaunchScreen.storyboard */ = {
			isa = PBXVariantGroup;
			children = (
				85BE7FFA29C318DC00C94F8D /* Base */,
			);
			name = LaunchScreen.storyboard;
			sourceTree = "<group>";
		};
/* End PBXVariantGroup section */

/* Begin XCBuildConfiguration section */
		85BE7FFD29C318DC00C94F8D /* Debug */ = {
			isa = XCBuildConfiguration;
			buildSettings = {
				ALWAYS_SEARCH_USER_PATHS = NO;
				CLANG_ANALYZER_NONNULL = YES;
				CLANG_ANALYZER_NUMBER_OBJECT_CONVERSION = YES_AGGRESSIVE;
				CLANG_CXX_LANGUAGE_STANDARD = "gnu++20";
				CLANG_ENABLE_MODULES = YES;
				CLANG_ENABLE_OBJC_ARC = YES;
				CLANG_ENABLE_OBJC_WEAK = YES;
				CLANG_WARN_BLOCK_CAPTURE_AUTORELEASING = YES;
				CLANG_WARN_BOOL_CONVERSION = YES;
				CLANG_WARN_COMMA = YES;
				CLANG_WARN_CONSTANT_CONVERSION = YES;
				CLANG_WARN_DEPRECATED_OBJC_IMPLEMENTATIONS = YES;
				CLANG_WARN_DIRECT_OBJC_ISA_USAGE = YES_ERROR;
				CLANG_WARN_DOCUMENTATION_COMMENTS = YES;
				CLANG_WARN_EMPTY_BODY = YES;
				CLANG_WARN_ENUM_CONVERSION = YES;
				CLANG_WARN_INFINITE_RECURSION = YES;
				CLANG_WARN_INT_CONVERSION = YES;
				CLANG_WARN_NON_LITERAL_NULL_CONVERSION = YES;
				CLANG_WARN_OBJC_IMPLICIT_RETAIN_SELF = YES;
				CLANG_WARN_OBJC_LITERAL_CONVERSION = YES;
				CLANG_WARN_OBJC_ROOT_CLASS = YES_ERROR;
				CLANG_WARN_QUOTED_INCLUDE_IN_FRAMEWORK_HEADER = YES;
				CLANG_WARN_RANGE_LOOP_ANALYSIS = YES;
				CLANG_WARN_STRICT_PROTOTYPES = YES;
				CLANG_WARN_SUSPICIOUS_MOVE = YES;
				CLANG_WARN_UNGUARDED_AVAILABILITY = YES_AGGRESSIVE;
				CLANG_WARN_UNREACHABLE_CODE = YES;
				CLANG_WARN__DUPLICATE_METHOD_MATCH = YES;
				COPY_PHASE_STRIP = NO;
				DEBUG_INFORMATION_FORMAT = dwarf;
				ENABLE_STRICT_OBJC_MSGSEND = YES;
				ENABLE_TESTABILITY = YES;
				GCC_C_LANGUAGE_STANDARD = gnu11;
				GCC_DYNAMIC_NO_PIC = NO;
				GCC_NO_COMMON_BLOCKS = YES;
				GCC_OPTIMIZATION_LEVEL = 0;
				GCC_PREPROCESSOR_DEFINITIONS = (
					"DEBUG=1",
					"$(inherited)",
				);
				GCC_WARN_64_TO_32_BIT_CONVERSION = YES;
				GCC_WARN_ABOUT_RETURN_TYPE = YES_ERROR;
				GCC_WARN_UNDECLARED_SELECTOR = YES;
				GCC_WARN_UNINITIALIZED_AUTOS = YES_AGGRESSIVE;
				GCC_WARN_UNUSED_FUNCTION = YES;
				GCC_WARN_UNUSED_VARIABLE = YES;
				IPHONEOS_DEPLOYMENT_TARGET = 15.0;
				MTL_ENABLE_DEBUG_INFO = INCLUDE_SOURCE;
				MTL_FAST_MATH = YES;
				ONLY_ACTIVE_ARCH = YES;
				SDKROOT = iphoneos;
				SWIFT_ACTIVE_COMPILATION_CONDITIONS = DEBUG;
				SWIFT_OPTIMIZATION_LEVEL = "-Onone";
			};
			name = Debug;
		};
		85BE7FFE29C318DC00C94F8D /* Release */ = {
			isa = XCBuildConfiguration;
			buildSettings = {
				ALWAYS_SEARCH_USER_PATHS = NO;
				CLANG_ANALYZER_NONNULL = YES;
				CLANG_ANALYZER_NUMBER_OBJECT_CONVERSION = YES_AGGRESSIVE;
				CLANG_CXX_LANGUAGE_STANDARD = "gnu++20";
				CLANG_ENABLE_MODULES = YES;
				CLANG_ENABLE_OBJC_ARC = YES;
				CLANG_ENABLE_OBJC_WEAK = YES;
				CLANG_WARN_BLOCK_CAPTURE_AUTORELEASING = YES;
				CLANG_WARN_BOOL_CONVERSION = YES;
				CLANG_WARN_COMMA = YES;
				CLANG_WARN_CONSTANT_CONVERSION = YES;
				CLANG_WARN_DEPRECATED_OBJC_IMPLEMENTATIONS = YES;
				CLANG_WARN_DIRECT_OBJC_ISA_USAGE = YES_ERROR;
				CLANG_WARN_DOCUMENTATION_COMMENTS = YES;
				CLANG_WARN_EMPTY_BODY = YES;
				CLANG_WARN_ENUM_CONVERSION = YES;
				CLANG_WARN_INFINITE_RECURSION = YES;
				CLANG_WARN_INT_CONVERSION = YES;
				CLANG_WARN_NON_LITERAL_NULL_CONVERSION = YES;
				CLANG_WARN_OBJC_IMPLICIT_RETAIN_SELF = YES;
				CLANG_WARN_OBJC_LITERAL_CONVERSION = YES;
				CLANG_WARN_OBJC_ROOT_CLASS = YES_ERROR;
				CLANG_WARN_QUOTED_INCLUDE_IN_FRAMEWORK_HEADER = YES;
				CLANG_WARN_RANGE_LOOP_ANALYSIS = YES;
				CLANG_WARN_STRICT_PROTOTYPES = YES;
				CLANG_WARN_SUSPICIOUS_MOVE = YES;
				CLANG_WARN_UNGUARDED_AVAILABILITY = YES_AGGRESSIVE;
				CLANG_WARN_UNREACHABLE_CODE = YES;
				CLANG_WARN__DUPLICATE_METHOD_MATCH = YES;
				COPY_PHASE_STRIP = NO;
				DEBUG_INFORMATION_FORMAT = "dwarf-with-dsym";
				ENABLE_NS_ASSERTIONS = NO;
				ENABLE_STRICT_OBJC_MSGSEND = YES;
				GCC_C_LANGUAGE_STANDARD = gnu11;
				GCC_NO_COMMON_BLOCKS = YES;
				GCC_WARN_64_TO_32_BIT_CONVERSION = YES;
				GCC_WARN_ABOUT_RETURN_TYPE = YES_ERROR;
				GCC_WARN_UNDECLARED_SELECTOR = YES;
				GCC_WARN_UNINITIALIZED_AUTOS = YES_AGGRESSIVE;
				GCC_WARN_UNUSED_FUNCTION = YES;
				GCC_WARN_UNUSED_VARIABLE = YES;
				IPHONEOS_DEPLOYMENT_TARGET = 15.0;
				MTL_ENABLE_DEBUG_INFO = NO;
				MTL_FAST_MATH = YES;
				SDKROOT = iphoneos;
				SWIFT_COMPILATION_MODE = wholemodule;
				SWIFT_OPTIMIZATION_LEVEL = "-O";
				VALIDATE_PRODUCT = YES;
			};
			name = Release;
		};
		85BE800029C318DC00C94F8D /* Debug */ = {
			isa = XCBuildConfiguration;
			buildSettings = {
				ASSETCATALOG_COMPILER_APPICON_NAME = AppIcon;
				ASSETCATALOG_COMPILER_GLOBAL_ACCENT_COLOR_NAME = AccentColor;
				CODE_SIGN_STYLE = Automatic;
				CURRENT_PROJECT_VERSION = 1;
				DEVELOPMENT_TEAM = 36SLD3SQ2W;
				GENERATE_INFOPLIST_FILE = YES;
				INFOPLIST_FILE = shopDemo/Info.plist;
				INFOPLIST_KEY_UIApplicationSupportsIndirectInputEvents = YES;
				INFOPLIST_KEY_UILaunchStoryboardName = LaunchScreen;
				INFOPLIST_KEY_UISupportedInterfaceOrientations = UIInterfaceOrientationPortrait;
				INFOPLIST_KEY_UISupportedInterfaceOrientations_iPad = "UIInterfaceOrientationLandscapeLeft UIInterfaceOrientationLandscapeRight UIInterfaceOrientationPortrait UIInterfaceOrientationPortraitUpsideDown";
				INFOPLIST_KEY_UIUserInterfaceStyle = Light;
				IPHONEOS_DEPLOYMENT_TARGET = 13.0;
				LD_RUNPATH_SEARCH_PATHS = (
					"$(inherited)",
					"@executable_path/Frameworks",
				);
				MARKETING_VERSION = 1.0;
				PRODUCT_BUNDLE_IDENTIFIER = PreviewProject.shopDemo;
				PRODUCT_NAME = "$(TARGET_NAME)";
				SWIFT_EMIT_LOC_STRINGS = YES;
				SWIFT_VERSION = 5.0;
				TARGETED_DEVICE_FAMILY = 1;
			};
			name = Debug;
		};
		85BE800129C318DC00C94F8D /* Release */ = {
			isa = XCBuildConfiguration;
			buildSettings = {
				ASSETCATALOG_COMPILER_APPICON_NAME = AppIcon;
				ASSETCATALOG_COMPILER_GLOBAL_ACCENT_COLOR_NAME = AccentColor;
				CODE_SIGN_STYLE = Automatic;
				CURRENT_PROJECT_VERSION = 1;
				DEVELOPMENT_TEAM = 36SLD3SQ2W;
				GENERATE_INFOPLIST_FILE = YES;
				INFOPLIST_FILE = shopDemo/Info.plist;
				INFOPLIST_KEY_UIApplicationSupportsIndirectInputEvents = YES;
				INFOPLIST_KEY_UILaunchStoryboardName = LaunchScreen;
				INFOPLIST_KEY_UISupportedInterfaceOrientations = UIInterfaceOrientationPortrait;
				INFOPLIST_KEY_UISupportedInterfaceOrientations_iPad = "UIInterfaceOrientationLandscapeLeft UIInterfaceOrientationLandscapeRight UIInterfaceOrientationPortrait UIInterfaceOrientationPortraitUpsideDown";
				INFOPLIST_KEY_UIUserInterfaceStyle = Light;
				IPHONEOS_DEPLOYMENT_TARGET = 13.0;
				LD_RUNPATH_SEARCH_PATHS = (
					"$(inherited)",
					"@executable_path/Frameworks",
				);
				MARKETING_VERSION = 1.0;
				PRODUCT_BUNDLE_IDENTIFIER = PreviewProject.shopDemo;
				PRODUCT_NAME = "$(TARGET_NAME)";
				SWIFT_EMIT_LOC_STRINGS = YES;
				SWIFT_VERSION = 5.0;
				TARGETED_DEVICE_FAMILY = 1;
			};
			name = Release;
		};
/* End XCBuildConfiguration section */

/* Begin XCConfigurationList section */
		85BE7FE329C318DB00C94F8D /* Build configuration list for PBXProject "shopDemo" */ = {
			isa = XCConfigurationList;
			buildConfigurations = (
				85BE7FFD29C318DC00C94F8D /* Debug */,
				85BE7FFE29C318DC00C94F8D /* Release */,
			);
			defaultConfigurationIsVisible = 0;
			defaultConfigurationName = Release;
		};
		85BE7FFF29C318DC00C94F8D /* Build configuration list for PBXNativeTarget "shopDemo" */ = {
			isa = XCConfigurationList;
			buildConfigurations = (
				85BE800029C318DC00C94F8D /* Debug */,
				85BE800129C318DC00C94F8D /* Release */,
			);
			defaultConfigurationIsVisible = 0;
			defaultConfigurationName = Release;
		};
/* End XCConfigurationList section */

/* Begin XCRemoteSwiftPackageReference section */
		85BE800229C3190700C94F8D /* XCRemoteSwiftPackageReference "Moya" */ = {
			isa = XCRemoteSwiftPackageReference;
			repositoryURL = "https://github.com/Moya/Moya.git";
			requirement = {
				kind = upToNextMajorVersion;
				minimumVersion = 15.0.0;
			};
		};
		85BE800529C3193E00C94F8D /* XCRemoteSwiftPackageReference "SnapKit" */ = {
			isa = XCRemoteSwiftPackageReference;
			repositoryURL = "https://github.com/SnapKit/SnapKit.git";
			requirement = {
				kind = upToNextMajorVersion;
				minimumVersion = 5.0.0;
			};
		};
/* End XCRemoteSwiftPackageReference section */

/* Begin XCSwiftPackageProductDependency section */
		85BE800329C3190700C94F8D /* Moya */ = {
			isa = XCSwiftPackageProductDependency;
			package = 85BE800229C3190700C94F8D /* XCRemoteSwiftPackageReference "Moya" */;
			productName = Moya;
		};
		85BE800629C3193E00C94F8D /* SnapKit */ = {
			isa = XCSwiftPackageProductDependency;
			package = 85BE800529C3193E00C94F8D /* XCRemoteSwiftPackageReference "SnapKit" */;
			productName = SnapKit;
		};
/* End XCSwiftPackageProductDependency section */

/* Begin XCVersionGroup section */
		85BE7FF429C318DB00C94F8D /* shopDemo.xcdatamodeld */ = {
			isa = XCVersionGroup;
			children = (
				85BE7FF529C318DB00C94F8D /* shopDemo.xcdatamodel */,
			);
			currentVersion = 85BE7FF529C318DB00C94F8D /* shopDemo.xcdatamodel */;
			path = shopDemo.xcdatamodeld;
			sourceTree = "<group>";
			versionGroupType = wrapper.xcdatamodel;
		};
/* End XCVersionGroup section */
	};
	rootObject = 85BE7FE029C318DB00C94F8D /* Project object */;
}
